
Microsoft Visual Studio Solution File, Format Version 12.00
# Visual Studio Version 16
VisualStudioVersion = 16.0.29326.143
MinimumVisualStudioVersion = 10.0.40219.1
Project("{FAE04EC0-301F-11D3-BF4B-00C04F79EFBC}") = "Compete", "Compete\Compete.csproj", "{37FB1C78-5887-45DC-9AE2-9F1BE300EF9F}"
EndProject
Global
	GlobalSection(SolutionConfigurationPlatforms) = preSolution
		Debug|Any CPU = Debug|Any CPU
		Release|Any CPU = Release|Any CPU
	EndGlobalSection
	GlobalSection(ProjectConfigurationPlatforms) = postSolution
		{37FB1C78-5887-45DC-9AE2-9F1BE300EF9F}.Debug|Any CPU.ActiveCfg = Debug|Any CPU
		{37FB1C78-5887-45DC-9AE2-9F1BE300EF9F}.Debug|Any CPU.Build.0 = Debug|Any CPU
		{37FB1C78-5887-45DC-9AE2-9F1BE300EF9F}.Release|Any CPU.ActiveCfg = Release|Any CPU
		{37FB1C78-5887-45DC-9AE2-9F1BE300EF9F}.Release|Any CPU.Build.0 = Release|Any CPU
	EndGlobalSection
	GlobalSection(SolutionProperties) = preSolution
		HideSolutionNode = FALSE
	EndGlobalSection
	GlobalSection(ExtensibilityGlobals) = postSolution
		SolutionGuid = {E07701FE-1394-45E2-84CE-61B7535061FD}
	EndGlobalSection
EndGlobal
